// !$*UTF8*$!
{
	archiveVersion = 1;
	classes = {
	};
	objectVersion = 56;
	objects = {

/* Begin PBXBuildFile section */
		378FB7542F5754CD0076F85B /* CodeMideApp.swift in Sources */ = {isa = PBXBuildFile; fileRef = 378FB7532F5754CD0076F85B /* CodeMideApp.swift */; };
		378FB7562F5754CD0076F85B /* ContentView.swift in Sources */ = {isa = PBXBuildFile; fileRef = 378FB7552F5754CD0076F85B /* ContentView.swift */; };
		378FB7582F5754D10076F85B /* Assets.xcassets in Resources */ = {isa = PBXBuildFile; fileRef = 378FB7572F5754D10076F85B /* Assets.xcassets */; };
		378FB75B2F5754D10076F85B /* Preview Assets.xcassets in Resources */ = {isa = PBXBuildFile; fileRef = 378FB75A2F5754D10076F85B /* Preview Assets.xcassets */; };
		378FB7672F57563C0076F85B /* FirstScreen.swift in Sources */ = {isa = PBXBuildFile; fileRef = 378FB7662F57563C0076F85B /* FirstScreen.swift */; };
		378FB76A2F57569B0076F85B /* LoginScreen.swift in Sources */ = {isa = PBXBuildFile; fileRef = 378FB7692F57569B0076F85B /* LoginScreen.swift */; };
		378FB76C2F57574E0076F85B /* RegisterScreen.swift in Sources */ = {isa = PBXBuildFile; fileRef = 378FB76B2F57574E0076F85B /* RegisterScreen.swift */; };
		378FB76E2F5757700076F85B /* AdminScreen.swift in Sources */ = {isa = PBXBuildFile; fileRef = 378FB76D2F5757700076F85B /* AdminScreen.swift */; };
		378FB7702F5757860076F85B /* LoginManager.swift in Sources */ = {isa = PBXBuildFile; fileRef = 378FB76F2F5757860076F85B /* LoginManager.swift */; };
		378FB7722F5757A60076F85B /* RegisterManager.swift in Sources */ = {isa = PBXBuildFile; fileRef = 378FB7712F5757A60076F85B /* RegisterManager.swift */; };
		378FB7742F5757C40076F85B /* NetworkManager.swift in Sources */ = {isa = PBXBuildFile; fileRef = 378FB7732F5757C40076F85B /* NetworkManager.swift */; };
		378FB7762F57587B0076F85B /* StudentViewModel.swift in Sources */ = {isa = PBXBuildFile; fileRef = 378FB7752F57587B0076F85B /* StudentViewModel.swift */; };
		378FB7782F5758870076F85B /* QuestionViewModel.swift in Sources */ = {isa = PBXBuildFile; fileRef = 378FB7772F5758870076F85B /* QuestionViewModel.swift */; };
		378FB77A2F5758990076F85B /* ReportViewModel.swift in Sources */ = {isa = PBXBuildFile; fileRef = 378FB7792F5758990076F85B /* ReportViewModel.swift */; };
		378FB77C2F5758D00076F85B /* StudentManager.swift in Sources */ = {isa = PBXBuildFile; fileRef = 378FB77B2F5758D00076F85B /* StudentManager.swift */; };
		378FB77E2F5759040076F85B /* QuestionManager.swift in Sources */ = {isa = PBXBuildFile; fileRef = 378FB77D2F5759040076F85B /* QuestionManager.swift */; };
		378FB7802F5759320076F85B /* ReportManager.swift in Sources */ = {isa = PBXBuildFile; fileRef = 378FB77F2F5759320076F85B /* ReportManager.swift */; };
		378FB7822F57598B0076F85B /* QuestionPanel.swift in Sources */ = {isa = PBXBuildFile; fileRef = 378FB7812F57598B0076F85B /* QuestionPanel.swift */; };
		378FB7842F57599E0076F85B /* StudentPanel.swift in Sources */ = {isa = PBXBuildFile; fileRef = 378FB7832F57599E0076F85B /* StudentPanel.swift */; };
		378FB7862F5759CA0076F85B /* ReportScreen.swift in Sources */ = {isa = PBXBuildFile; fileRef = 378FB7852F5759CA0076F85B /* ReportScreen.swift */; };
		378FB7882F5759D50076F85B /* AdminReport.swift in Sources */ = {isa = PBXBuildFile; fileRef = 378FB7872F5759D50076F85B /* AdminReport.swift */; };
		378FB78A2F575A230076F85B /* QuestionReport.swift in Sources */ = {isa = PBXBuildFile; fileRef = 378FB7892F575A230076F85B /* QuestionReport.swift */; };
		68B2D32A2F861EAB0097A55E /* StudentProfile.swift in Sources */ = {isa = PBXBuildFile; fileRef = 68B2D3292F861EAB0097A55E /* StudentProfile.swift */; };
		68B2D3352F861F740097A55E /* AnswerScreen.swift in Sources */ = {isa = PBXBuildFile; fileRef = 68B2D3342F861F740097A55E /* AnswerScreen.swift */; };
		68B2D3372F861FA80097A55E /* HomeScreen.swift in Sources */ = {isa = PBXBuildFile; fileRef = 68B2D3362F861FA80097A55E /* HomeScreen.swift */; };
		68B2D3392F861FB90097A55E /* QuizScreen.swift in Sources */ = {isa = PBXBuildFile; fileRef = 68B2D3382F861FB90097A55E /* QuizScreen.swift */; };
		68B2D33B2F861FDC0097A55E /* StartTest.swift in Sources */ = {isa = PBXBuildFile; fileRef = 68B2D33A2F861FDC0097A55E /* StartTest.swift */; };
		68B2D33D2F861FF60097A55E /* ReadingScreen.swift in Sources */ = {isa = PBXBuildFile; fileRef = 68B2D33C2F861FF60097A55E /* ReadingScreen.swift */; };
		68B2D33F2F8620080097A55E /* EndReadingScreen.swift in Sources */ = {isa = PBXBuildFile; fileRef = 68B2D33E2F8620080097A55E /* EndReadingScreen.swift */; };
		68B2D3412F8620290097A55E /* AllReportScreen.swift in Sources */ = {isa = PBXBuildFile; fileRef = 68B2D3402F8620290097A55E /* AllReportScreen.swift */; };
		68B2D3432F8620AD0097A55E /* SelfReport.swift in Sources */ = {isa = PBXBuildFile; fileRef = 68B2D3422F8620AD0097A55E /* SelfReport.swift */; };
		68B2D3462F8620F40097A55E /* MainContainerView.swift in Sources */ = {isa = PBXBuildFile; fileRef = 68B2D3452F8620F40097A55E /* MainContainerView.swift */; };
		68B2D3482F8621080097A55E /* TabBar.swift in Sources */ = {isa = PBXBuildFile; fileRef = 68B2D3472F8621080097A55E /* TabBar.swift */; };
		68B2D34A2F8621200097A55E /* QuestionTabView.swift in Sources */ = {isa = PBXBuildFile; fileRef = 68B2D3492F8621200097A55E /* QuestionTabView.swift */; };
		68B2D34E2F8621C90097A55E /* BPViewModel.swift in Sources */ = {isa = PBXBuildFile; fileRef = 68B2D34D2F8621C90097A55E /* BPViewModel.swift */; };
		68B2D3502F8621E50097A55E /* EEGViewModel.swift in Sources */ = {isa = PBXBuildFile; fileRef = 68B2D34F2F8621E50097A55E /* EEGViewModel.swift */; };
		68B2D3522F8621F60097A55E /* GraphViewModel.swift in Sources */ = {isa = PBXBuildFile; fileRef = 68B2D3512F8621F60097A55E /* GraphViewModel.swift */; };
		68B2D3542F8622370097A55E /* BPManager.swift in Sources */ = {isa = PBXBuildFile; fileRef = 68B2D3532F8622370097A55E /* BPManager.swift */; };
		68B2D3562F86224D0097A55E /* EEGManager.swift in Sources */ = {isa = PBXBuildFile; fileRef = 68B2D3552F86224D0097A55E /* EEGManager.swift */; };
		68B2D3582F8622620097A55E /* GraphModel.swift in Sources */ = {isa = PBXBuildFile; fileRef = 68B2D3572F8622620097A55E /* GraphModel.swift */; };
/* End PBXBuildFile section */

/* Begin PBXFileReference section */
		378FB7502F5754CD0076F85B /* CodeMide.app */ = {isa = PBXFileReference; explicitFileType = wrapper.application; includeInIndex = 0; path = CodeMide.app; sourceTree = BUILT_PRODUCTS_DIR; };
		378FB7532F5754CD0076F85B /* CodeMideApp.swift */ = {isa = PBXFileReference; lastKnownFileType = sourcecode.swift; path = CodeMideApp.swift; sourceTree = "<group>"; };
		378FB7552F5754CD0076F85B /* ContentView.swift */ = {isa = PBXFileReference; lastKnownFileType = sourcecode.swift; path = ContentView.swift; sourceTree = "<group>"; };
		378FB7572F5754D10076F85B /* Assets.xcassets */ = {isa = PBXFileReference; lastKnownFileType = folder.assetcatalog; path = Assets.xcassets; sourceTree = "<group>"; };
		378FB75A2F5754D10076F85B /* Preview Assets.xcassets */ = {isa = PBXFileReference; lastKnownFileType = folder.assetcatalog; path = "Preview Assets.xcassets"; sourceTree = "<group>"; };
		378FB7662F57563C0076F85B /* FirstScreen.swift */ = {isa = PBXFileReference; lastKnownFileType = sourcecode.swift; path = FirstScreen.swift; sourceTree = "<group>"; };
		378FB7692F57569B0076F85B /* LoginScreen.swift */ = {isa = PBXFileReference; lastKnownFileType = sourcecode.swift; path = LoginScreen.swift; sourceTree = "<group>"; };
		378FB76B2F57574E0076F85B /* RegisterScreen.swift */ = {isa = PBXFileReference; lastKnownFileType = sourcecode.swift; path = RegisterScreen.swift; sourceTree = "<group>"; };
		378FB76D2F5757700076F85B /* AdminScreen.swift */ = {isa = PBXFileReference; lastKnownFileType = sourcecode.swift; path = AdminScreen.swift; sourceTree = "<group>"; };
		378FB76F2F5757860076F85B /* LoginManager.swift */ = {isa = PBXFileReference; lastKnownFileType = sourcecode.swift; path = LoginManager.swift; sourceTree = "<group>"; };
		378FB7712F5757A60076F85B /* RegisterManager.swift */ = {isa = PBXFileReference; lastKnownFileType = sourcecode.swift; path = RegisterManager.swift; sourceTree = "<group>"; };
		378FB7732F5757C40076F85B /* NetworkManager.swift */ = {isa = PBXFileReference; lastKnownFileType = sourcecode.swift; path = NetworkManager.swift; sourceTree = "<group>"; };
		378FB7752F57587B0076F85B /* StudentViewModel.swift */ = {isa = PBXFileReference; lastKnownFileType = sourcecode.swift; path = StudentViewModel.swift; sourceTree = "<group>"; };
		378FB7772F5758870076F85B /* QuestionViewModel.swift */ = {isa = PBXFileReference; lastKnownFileType = sourcecode.swift; path = QuestionViewModel.swift; sourceTree = "<group>"; };
		378FB7792F5758990076F85B /* ReportViewModel.swift */ = {isa = PBXFileReference; lastKnownFileType = sourcecode.swift; path = ReportViewModel.swift; sourceTree = "<group>"; };
		378FB77B2F5758D00076F85B /* StudentManager.swift */ = {isa = PBXFileReference; lastKnownFileType = sourcecode.swift; path = StudentManager.swift; sourceTree = "<group>"; };
		378FB77D2F5759040076F85B /* QuestionManager.swift */ = {isa = PBXFileReference; lastKnownFileType = sourcecode.swift; path = QuestionManager.swift; sourceTree = "<group>"; };
		378FB77F2F5759320076F85B /* ReportManager.swift */ = {isa = PBXFileReference; lastKnownFileType = sourcecode.swift; path = ReportManager.swift; sourceTree = "<group>"; };
		378FB7812F57598B0076F85B /* QuestionPanel.swift */ = {isa = PBXFileReference; lastKnownFileType = sourcecode.swift; path = QuestionPanel.swift; sourceTree = "<group>"; };
		378FB7832F57599E0076F85B /* StudentPanel.swift */ = {isa = PBXFileReference; lastKnownFileType = sourcecode.swift; path = StudentPanel.swift; sourceTree = "<group>"; };
		378FB7852F5759CA0076F85B /* ReportScreen.swift */ = {isa = PBXFileReference; lastKnownFileType = sourcecode.swift; path = ReportScreen.swift; sourceTree = "<group>"; };
		378FB7872F5759D50076F85B /* AdminReport.swift */ = {isa = PBXFileReference; lastKnownFileType = sourcecode.swift; path = AdminReport.swift; sourceTree = "<group>"; };
		378FB7892F575A230076F85B /* QuestionReport.swift */ = {isa = PBXFileReference; lastKnownFileType = sourcecode.swift; path = QuestionReport.swift; sourceTree = "<group>"; };
		68B2D3292F861EAB0097A55E /* StudentProfile.swift */ = {isa = PBXFileReference; lastKnownFileType = sourcecode.swift; path = StudentProfile.swift; sourceTree = "<group>"; };
		68B2D3342F861F740097A55E /* AnswerScreen.swift */ = {isa = PBXFileReference; lastKnownFileType = sourcecode.swift; path = AnswerScreen.swift; sourceTree = "<group>"; };
		68B2D3362F861FA80097A55E /* HomeScreen.swift */ = {isa = PBXFileReference; lastKnownFileType = sourcecode.swift; path = HomeScreen.swift; sourceTree = "<group>"; };
		68B2D3382F861FB90097A55E /* QuizScreen.swift */ = {isa = PBXFileReference; lastKnownFileType = sourcecode.swift; path = QuizScreen.swift; sourceTree = "<group>"; };
		68B2D33A2F861FDC0097A55E /* StartTest.swift */ = {isa = PBXFileReference; lastKnownFileType = sourcecode.swift; path = StartTest.swift; sourceTree = "<group>"; };
		68B2D33C2F861FF60097A55E /* ReadingScreen.swift */ = {isa = PBXFileReference; lastKnownFileType = sourcecode.swift; path = ReadingScreen.swift; sourceTree = "<group>"; };
		68B2D33E2F8620080097A55E /* EndReadingScreen.swift */ = {isa = PBXFileReference; lastKnownFileType = sourcecode.swift; path = EndReadingScreen.swift; sourceTree = "<group>"; };
		68B2D3402F8620290097A55E /* AllReportScreen.swift */ = {isa = PBXFileReference; lastKnownFileType = sourcecode.swift; path = AllReportScreen.swift; sourceTree = "<group>"; };
		68B2D3422F8620AD0097A55E /* SelfReport.swift */ = {isa = PBXFileReference; lastKnownFileType = sourcecode.swift; path = SelfReport.swift; sourceTree = "<group>"; };
		68B2D3452F8620F40097A55E /* MainContainerView.swift */ = {isa = PBXFileReference; lastKnownFileType = sourcecode.swift; path = MainContainerView.swift; sourceTree = "<group>"; };
		68B2D3472F8621080097A55E /* TabBar.swift */ = {isa = PBXFileReference; lastKnownFileType = sourcecode.swift; path = TabBar.swift; sourceTree = "<group>"; };
		68B2D3492F8621200097A55E /* QuestionTabView.swift */ = {isa = PBXFileReference; lastKnownFileType = sourcecode.swift; path = QuestionTabView.swift; sourceTree = "<group>"; };
		68B2D34D2F8621C90097A55E /* BPViewModel.swift */ = {isa = PBXFileReference; lastKnownFileType = sourcecode.swift; path = BPViewModel.swift; sourceTree = "<group>"; };
		68B2D34F2F8621E50097A55E /* EEGViewModel.swift */ = {isa = PBXFileReference; lastKnownFileType = sourcecode.swift; path = EEGViewModel.swift; sourceTree = "<group>"; };
		68B2D3512F8621F60097A55E /* GraphViewModel.swift */ = {isa = PBXFileReference; lastKnownFileType = sourcecode.swift; path = GraphViewModel.swift; sourceTree = "<group>"; };
		68B2D3532F8622370097A55E /* BPManager.swift */ = {isa = PBXFileReference; lastKnownFileType = sourcecode.swift; path = BPManager.swift; sourceTree = "<group>"; };
		68B2D3552F86224D0097A55E /* EEGManager.swift */ = {isa = PBXFileReference; lastKnownFileType = sourcecode.swift; path = EEGManager.swift; sourceTree = "<group>"; };
		68B2D3572F8622620097A55E /* GraphModel.swift */ = {isa = PBXFileReference; lastKnownFileType = sourcecode.swift; path = GraphModel.swift; sourceTree = "<group>"; };
/* End PBXFileReference section */

/* Begin PBXFrameworksBuildPhase section */
		378FB74D2F5754CD0076F85B /* Frameworks */ = {
			isa = PBXFrameworksBuildPhase;
			buildActionMask = 2147483647;
			files = (
			);
			runOnlyForDeploymentPostprocessing = 0;
		};
/* End PBXFrameworksBuildPhase section */

/* Begin PBXGroup section */
		378FB7472F5754CD0076F85B = {
			isa = PBXGroup;
			children = (
				378FB7522F5754CD0076F85B /* CodeMide */,
				378FB7512F5754CD0076F85B /* Products */,
			);
			sourceTree = "<group>";
		};
		378FB7512F5754CD0076F85B /* Products */ = {
			isa = PBXGroup;
			children = (
				378FB7502F5754CD0076F85B /* CodeMide.app */,
			);
			name = Products;
			sourceTree = "<group>";
		};
		378FB7522F5754CD0076F85B /* CodeMide */ = {
			isa = PBXGroup;
			children = (
				378FB7532F5754CD0076F85B /* CodeMideApp.swift */,
				378FB7552F5754CD0076F85B /* ContentView.swift */,
				378FB7662F57563C0076F85B /* FirstScreen.swift */,
				378FB7732F5757C40076F85B /* NetworkManager.swift */,
				378FB7612F57553F0076F85B /* Model */,
				378FB7622F5755600076F85B /* ViewModel */,
				68B2D3442F8620D20097A55E /* TabBar */,
				378FB7632F57557C0076F85B /* Admin */,
				378FB7682F5756850076F85B /* Student */,
				68B2D3332F861F540097A55E /* Home */,
				378FB7642F5755970076F85B /* Reports */,
				378FB7572F5754D10076F85B /* Assets.xcassets */,
				378FB7592F5754D10076F85B /* Preview Content */,
			);
			path = CodeMide;
			sourceTree = "<group>";
		};
		378FB7592F5754D10076F85B /* Preview Content */ = {
			isa = PBXGroup;
			children = (
				378FB75A2F5754D10076F85B /* Preview Assets.xcassets */,
			);
			path = "Preview Content";
			sourceTree = "<group>";
		};
		378FB7612F57553F0076F85B /* Model */ = {
			isa = PBXGroup;
			children = (
				378FB77B2F5758D00076F85B /* StudentManager.swift */,
				378FB77F2F5759320076F85B /* ReportManager.swift */,
				378FB77D2F5759040076F85B /* QuestionManager.swift */,
				378FB7712F5757A60076F85B /* RegisterManager.swift */,
				378FB76F2F5757860076F85B /* LoginManager.swift */,
				68B2D3532F8622370097A55E /* BPManager.swift */,
				68B2D3552F86224D0097A55E /* EEGManager.swift */,
				68B2D3572F8622620097A55E /* GraphModel.swift */,
			);
			path = Model;
			sourceTree = "<group>";
		};
		378FB7622F5755600076F85B /* ViewModel */ = {
			isa = PBXGroup;
			children = (
				378FB7752F57587B0076F85B /* StudentViewModel.swift */,
				378FB7772F5758870076F85B /* QuestionViewModel.swift */,
				378FB7792F5758990076F85B /* ReportViewModel.swift */,
				68B2D34D2F8621C90097A55E /* BPViewModel.swift */,
				68B2D34F2F8621E50097A55E /* EEGViewModel.swift */,
				68B2D3512F8621F60097A55E /* GraphViewModel.swift */,
			);
			path = ViewModel;
			sourceTree = "<group>";
		};
		378FB7632F57557C0076F85B /* Admin */ = {
			isa = PBXGroup;
			children = (
				378FB76D2F5757700076F85B /* AdminScreen.swift */,
				378FB7812F57598B0076F85B /* QuestionPanel.swift */,
				378FB7832F57599E0076F85B /* StudentPanel.swift */,
			);
			path = Admin;
			sourceTree = "<group>";
		};
		378FB7642F5755970076F85B /* Reports */ = {
			isa = PBXGroup;
			children = (
				68B2D3402F8620290097A55E /* AllReportScreen.swift */,
				378FB7852F5759CA0076F85B /* ReportScreen.swift */,
				378FB7872F5759D50076F85B /* AdminReport.swift */,
				68B2D3422F8620AD0097A55E /* SelfReport.swift */,
				378FB7892F575A230076F85B /* QuestionReport.swift */,
			);
			path = Reports;
			sourceTree = "<group>";
		};
		378FB7682F5756850076F85B /* Student */ = {
			isa = PBXGroup;
			children = (
				378FB7692F57569B0076F85B /* LoginScreen.swift */,
				378FB76B2F57574E0076F85B /* RegisterScreen.swift */,
				68B2D3292F861EAB0097A55E /* StudentProfile.swift */,
			);
			path = Student;
			sourceTree = "<group>";
		};
		68B2D3332F861F540097A55E /* Home */ = {
			isa = PBXGroup;
			children = (
				68B2D3342F861F740097A55E /* AnswerScreen.swift */,
				68B2D3362F861FA80097A55E /* HomeScreen.swift */,
				68B2D3382F861FB90097A55E /* QuizScreen.swift */,
				68B2D33A2F861FDC0097A55E /* StartTest.swift */,
				68B2D33C2F861FF60097A55E /* ReadingScreen.swift */,
				68B2D33E2F8620080097A55E /* EndReadingScreen.swift */,
			);
			path = Home;
			sourceTree = "<group>";
		};
		68B2D3442F8620D20097A55E /* TabBar */ = {
			isa = PBXGroup;
			children = (
				68B2D3452F8620F40097A55E /* MainContainerView.swift */,
				68B2D3472F8621080097A55E /* TabBar.swift */,
				68B2D3492F8621200097A55E /* QuestionTabView.swift */,
			);
			path = TabBar;
			sourceTree = "<group>";
		};
/* End PBXGroup section */

/* Begin PBXNativeTarget section */
		378FB74F2F5754CD0076F85B /* CodeMide */ = {
			isa = PBXNativeTarget;
			buildConfigurationList = 378FB75E2F5754D10076F85B /* Build configuration list for PBXNativeTarget "CodeMide" */;
			buildPhases = (
				378FB74C2F5754CD0076F85B /* Sources */,
				378FB74D2F5754CD0076F85B /* Frameworks */,
				378FB74E2F5754CD0076F85B /* Resources */,
			);
			buildRules = (
			);
			dependencies = (
			);
			name = CodeMide;
			productName = CodeMide;
			productReference = 378FB7502F5754CD0076F85B /* CodeMide.app */;
			productType = "com.apple.product-type.application";
		};
/* End PBXNativeTarget section */

/* Begin PBXProject section */
		378FB7482F5754CD0076F85B /* Project object */ = {
			isa = PBXProject;
			attributes = {
				BuildIndependentTargetsInParallel = 1;
				LastSwiftUpdateCheck = 1540;
				LastUpgradeCheck = 1540;
				TargetAttributes = {
					378FB74F2F5754CD0076F85B = {
						CreatedOnToolsVersion = 15.4;
					};
				};
			};
			buildConfigurationList = 378FB74B2F5754CD0076F85B /* Build configuration list for PBXProject "CodeMide" */;
			compatibilityVersion = "Xcode 14.0";
			developmentRegion = en;
			hasScannedForEncodings = 0;
			knownRegions = (
				en,
				Base,
			);
			mainGroup = 378FB7472F5754CD0076F85B;
			productRefGroup = 378FB7512F5754CD0076F85B /* Products */;
			projectDirPath = "";
			projectRoot = "";
			targets = (
				378FB74F2F5754CD0076F85B /* CodeMide */,
			);
		};
/* End PBXProject section */

/* Begin PBXResourcesBuildPhase section */
		378FB74E2F5754CD0076F85B /* Resources */ = {
			isa = PBXResourcesBuildPhase;
			buildActionMask = 2147483647;
			files = (
				378FB75B2F5754D10076F85B /* Preview Assets.xcassets in Resources */,
				378FB7582F5754D10076F85B /* Assets.xcassets in Resources */,
			);
			runOnlyForDeploymentPostprocessing = 0;
		};
/* End PBXResourcesBuildPhase section */

/* Begin PBXSourcesBuildPhase section */
		378FB74C2F5754CD0076F85B /* Sources */ = {
			isa = PBXSourcesBuildPhase;
			buildActionMask = 2147483647;
			files = (
				68B2D3502F8621E50097A55E /* EEGViewModel.swift in Sources */,
				68B2D3432F8620AD0097A55E /* SelfReport.swift in Sources */,
				378FB77A2F5758990076F85B /* ReportViewModel.swift in Sources */,
				378FB77E2F5759040076F85B /* QuestionManager.swift in Sources */,
				378FB7882F5759D50076F85B /* AdminReport.swift in Sources */,
				378FB7742F5757C40076F85B /* NetworkManager.swift in Sources */,
				378FB7802F5759320076F85B /* ReportManager.swift in Sources */,
				378FB7842F57599E0076F85B /* StudentPanel.swift in Sources */,
				68B2D3462F8620F40097A55E /* MainContainerView.swift in Sources */,
				68B2D33B2F861FDC0097A55E /* StartTest.swift in Sources */,
				378FB7722F5757A60076F85B /* RegisterManager.swift in Sources */,
				378FB7762F57587B0076F85B /* StudentViewModel.swift in Sources */,
				68B2D34E2F8621C90097A55E /* BPViewModel.swift in Sources */,
				378FB7822F57598B0076F85B /* QuestionPanel.swift in Sources */,
				68B2D3352F861F740097A55E /* AnswerScreen.swift in Sources */,
				378FB76C2F57574E0076F85B /* RegisterScreen.swift in Sources */,
				68B2D33F2F8620080097A55E /* EndReadingScreen.swift in Sources */,
				378FB7862F5759CA0076F85B /* ReportScreen.swift in Sources */,
				378FB78A2F575A230076F85B /* QuestionReport.swift in Sources */,
				378FB77C2F5758D00076F85B /* StudentManager.swift in Sources */,
				68B2D3582F8622620097A55E /* GraphModel.swift in Sources */,
				378FB76E2F5757700076F85B /* AdminScreen.swift in Sources */,
				378FB7702F5757860076F85B /* LoginManager.swift in Sources */,
				378FB7562F5754CD0076F85B /* ContentView.swift in Sources */,
				378FB76A2F57569B0076F85B /* LoginScreen.swift in Sources */,
				68B2D3562F86224D0097A55E /* EEGManager.swift in Sources */,
				68B2D32A2F861EAB0097A55E /* StudentProfile.swift in Sources */,
				378FB7542F5754CD0076F85B /* CodeMideApp.swift in Sources */,
				68B2D3392F861FB90097A55E /* QuizScreen.swift in Sources */,
				68B2D33D2F861FF60097A55E /* ReadingScreen.swift in Sources */,
				68B2D34A2F8621200097A55E /* QuestionTabView.swift in Sources */,
				68B2D3372F861FA80097A55E /* HomeScreen.swift in Sources */,
				68B2D3522F8621F60097A55E /* GraphViewModel.swift in Sources */,
				68B2D3542F8622370097A55E /* BPManager.swift in Sources */,
				68B2D3412F8620290097A55E /* AllReportScreen.swift in Sources */,
				378FB7672F57563C0076F85B /* FirstScreen.swift in Sources */,
				378FB7782F5758870076F85B /* QuestionViewModel.swift in Sources */,
				68B2D3482F8621080097A55E /* TabBar.swift in Sources */,
			);
			runOnlyForDeploymentPostprocessing = 0;
		};
/* End PBXSourcesBuildPhase section */

/* Begin XCBuildConfiguration section */
		378FB75C2F5754D10076F85B /* Debug */ = {
			isa = XCBuildConfiguration;
			buildSettings = {
				ALWAYS_SEARCH_USER_PATHS = NO;
				ASSETCATALOG_COMPILER_GENERATE_SWIFT_ASSET_SYMBOL_EXTENSIONS = YES;
				CLANG_ANALYZER_NONNULL = YES;
				CLANG_ANALYZER_NUMBER_OBJECT_CONVERSION = YES_AGGRESSIVE;
				CLANG_CXX_LANGUAGE_STANDARD = "gnu++20";
				CLANG_ENABLE_MODULES = YES;
				CLANG_ENABLE_OBJC_ARC = YES;
				CLANG_ENABLE_OBJC_WEAK = YES;
				CLANG_WARN_BLOCK_CAPTURE_AUTORELEASING = YES;
				CLANG_WARN_BOOL_CONVERSION = YES;
				CLANG_WARN_COMMA = YES;
				CLANG_WARN_CONSTANT_CONVERSION = YES;
				CLANG_WARN_DEPRECATED_OBJC_IMPLEMENTATIONS = YES;
				CLANG_WARN_DIRECT_OBJC_ISA_USAGE = YES_ERROR;
				CLANG_WARN_DOCUMENTATION_COMMENTS = YES;
				CLANG_WARN_EMPTY_BODY = YES;
				CLANG_WARN_ENUM_CONVERSION = YES;
				CLANG_WARN_INFINITE_RECURSION = YES;
				CLANG_WARN_INT_CONVERSION = YES;
				CLANG_WARN_NON_LITERAL_NULL_CONVERSION = YES;
				CLANG_WARN_OBJC_IMPLICIT_RETAIN_SELF = YES;
				CLANG_WARN_OBJC_LITERAL_CONVERSION = YES;
				CLANG_WARN_OBJC_ROOT_CLASS = YES_ERROR;
				CLANG_WARN_QUOTED_INCLUDE_IN_FRAMEWORK_HEADER = YES;
				CLANG_WARN_RANGE_LOOP_ANALYSIS = YES;
				CLANG_WARN_STRICT_PROTOTYPES = YES;
				CLANG_WARN_SUSPICIOUS_MOVE = YES;
				CLANG_WARN_UNGUARDED_AVAILABILITY = YES_AGGRESSIVE;
				CLANG_WARN_UNREACHABLE_CODE = YES;
				CLANG_WARN__DUPLICATE_METHOD_MATCH = YES;
				COPY_PHASE_STRIP = NO;
				DEBUG_INFORMATION_FORMAT = dwarf;
				ENABLE_STRICT_OBJC_MSGSEND = YES;
				ENABLE_TESTABILITY = YES;
				ENABLE_USER_SCRIPT_SANDBOXING = YES;
				GCC_C_LANGUAGE_STANDARD = gnu17;
				GCC_DYNAMIC_NO_PIC = NO;
				GCC_NO_COMMON_BLOCKS = YES;
				GCC_OPTIMIZATION_LEVEL = 0;
				GCC_PREPROCESSOR_DEFINITIONS = (
					"DEBUG=1",
					"$(inherited)",
				);
				GCC_WARN_64_TO_32_BIT_CONVERSION = YES;
				GCC_WARN_ABOUT_RETURN_TYPE = YES_ERROR;
				GCC_WARN_UNDECLARED_SELECTOR = YES;
				GCC_WARN_UNINITIALIZED_AUTOS = YES_AGGRESSIVE;
				GCC_WARN_UNUSED_FUNCTION = YES;
				GCC_WARN_UNUSED_VARIABLE = YES;
				IPHONEOS_DEPLOYMENT_TARGET = 17.5;
				LOCALIZATION_PREFERS_STRING_CATALOGS = YES;
				MTL_ENABLE_DEBUG_INFO = INCLUDE_SOURCE;
				MTL_FAST_MATH = YES;
				ONLY_ACTIVE_ARCH = YES;
				SDKROOT = iphoneos;
				SWIFT_ACTIVE_COMPILATION_CONDITIONS = "DEBUG $(inherited)";
				SWIFT_OPTIMIZATION_LEVEL = "-Onone";
			};
			name = Debug;
		};
		378FB75D2F5754D10076F85B /* Release */ = {
			isa = XCBuildConfiguration;
			buildSettings = {
				ALWAYS_SEARCH_USER_PATHS = NO;
				ASSETCATALOG_COMPILER_GENERATE_SWIFT_ASSET_SYMBOL_EXTENSIONS = YES;
				CLANG_ANALYZER_NONNULL = YES;
				CLANG_ANALYZER_NUMBER_OBJECT_CONVERSION = YES_AGGRESSIVE;
				CLANG_CXX_LANGUAGE_STANDARD = "gnu++20";
				CLANG_ENABLE_MODULES = YES;
				CLANG_ENABLE_OBJC_ARC = YES;
				CLANG_ENABLE_OBJC_WEAK = YES;
				CLANG_WARN_BLOCK_CAPTURE_AUTORELEASING = YES;
				CLANG_WARN_BOOL_CONVERSION = YES;
				CLANG_WARN_COMMA = YES;
				CLANG_WARN_CONSTANT_CONVERSION = YES;
				CLANG_WARN_DEPRECATED_OBJC_IMPLEMENTATIONS = YES;
				CLANG_WARN_DIRECT_OBJC_ISA_USAGE = YES_ERROR;
				CLANG_WARN_DOCUMENTATION_COMMENTS = YES;
				CLANG_WARN_EMPTY_BODY = YES;
				CLANG_WARN_ENUM_CONVERSION = YES;
				CLANG_WARN_INFINITE_RECURSION = YES;
				CLANG_WARN_INT_CONVERSION = YES;
				CLANG_WARN_NON_LITERAL_NULL_CONVERSION = YES;
				CLANG_WARN_OBJC_IMPLICIT_RETAIN_SELF = YES;
				CLANG_WARN_OBJC_LITERAL_CONVERSION = YES;
				CLANG_WARN_OBJC_ROOT_CLASS = YES_ERROR;
				CLANG_WARN_QUOTED_INCLUDE_IN_FRAMEWORK_HEADER = YES;
				CLANG_WARN_RANGE_LOOP_ANALYSIS = YES;
				CLANG_WARN_STRICT_PROTOTYPES = YES;
				CLANG_WARN_SUSPICIOUS_MOVE = YES;
				CLANG_WARN_UNGUARDED_AVAILABILITY = YES_AGGRESSIVE;
				CLANG_WARN_UNREACHABLE_CODE = YES;
				CLANG_WARN__DUPLICATE_METHOD_MATCH = YES;
				COPY_PHASE_STRIP = NO;
				DEBUG_INFORMATION_FORMAT = "dwarf-with-dsym";
				ENABLE_NS_ASSERTIONS = NO;
				ENABLE_STRICT_OBJC_MSGSEND = YES;
				ENABLE_USER_SCRIPT_SANDBOXING = YES;
				GCC_C_LANGUAGE_STANDARD = gnu17;
				GCC_NO_COMMON_BLOCKS = YES;
				GCC_WARN_64_TO_32_BIT_CONVERSION = YES;
				GCC_WARN_ABOUT_RETURN_TYPE = YES_ERROR;
				GCC_WARN_UNDECLARED_SELECTOR = YES;
				GCC_WARN_UNINITIALIZED_AUTOS = YES_AGGRESSIVE;
				GCC_WARN_UNUSED_FUNCTION = YES;
				GCC_WARN_UNUSED_VARIABLE = YES;
				IPHONEOS_DEPLOYMENT_TARGET = 17.5;
				LOCALIZATION_PREFERS_STRING_CATALOGS = YES;
				MTL_ENABLE_DEBUG_INFO = NO;
				MTL_FAST_MATH = YES;
				SDKROOT = iphoneos;
				SWIFT_COMPILATION_MODE = wholemodule;
				VALIDATE_PRODUCT = YES;
			};
			name = Release;
		};
		378FB75F2F5754D10076F85B /* Debug */ = {
			isa = XCBuildConfiguration;
			buildSettings = {
				ASSETCATALOG_COMPILER_APPICON_NAME = AppIcon;
				ASSETCATALOG_COMPILER_GLOBAL_ACCENT_COLOR_NAME = AccentColor;
				CODE_SIGN_STYLE = Automatic;
				CURRENT_PROJECT_VERSION = 1;
				DEVELOPMENT_ASSET_PATHS = "\"CodeMide/Preview Content\"";
				DEVELOPMENT_TEAM = 5444UTQ8SN;
				ENABLE_PREVIEWS = YES;
				GENERATE_INFOPLIST_FILE = YES;
				INFOPLIST_KEY_UIApplicationSceneManifest_Generation = YES;
				INFOPLIST_KEY_UIApplicationSupportsIndirectInputEvents = YES;
				INFOPLIST_KEY_UILaunchScreen_Generation = YES;
				INFOPLIST_KEY_UISupportedInterfaceOrientations_iPad = "UIInterfaceOrientationPortrait UIInterfaceOrientationPortraitUpsideDown UIInterfaceOrientationLandscapeLeft UIInterfaceOrientationLandscapeRight";
				INFOPLIST_KEY_UISupportedInterfaceOrientations_iPhone = "UIInterfaceOrientationPortrait UIInterfaceOrientationLandscapeLeft UIInterfaceOrientationLandscapeRight";
				IPHONEOS_DEPLOYMENT_TARGET = 16.4;
				LD_RUNPATH_SEARCH_PATHS = (
					"$(inherited)",
					"@executable_path/Frameworks",
				);
				MARKETING_VERSION = 1.0;
				PRODUCT_BUNDLE_IDENTIFIER = waleed.CodeMide;
				PRODUCT_NAME = "$(TARGET_NAME)";
				SWIFT_EMIT_LOC_STRINGS = YES;
				SWIFT_VERSION = 5.0;
				TARGETED_DEVICE_FAMILY = "1,2";
			};
			name = Debug;
		};
		378FB7602F5754D10076F85B /* Release */ = {
			isa = XCBuildConfiguration;
			buildSettings = {
				ASSETCATALOG_COMPILER_APPICON_NAME = AppIcon;
				ASSETCATALOG_COMPILER_GLOBAL_ACCENT_COLOR_NAME = AccentColor;
				CODE_SIGN_STYLE = Automatic;
				CURRENT_PROJECT_VERSION = 1;
				DEVELOPMENT_ASSET_PATHS = "\"CodeMide/Preview Content\"";
				DEVELOPMENT_TEAM = 5444UTQ8SN;
				ENABLE_PREVIEWS = YES;
				GENERATE_INFOPLIST_FILE = YES;
				INFOPLIST_KEY_UIApplicationSceneManifest_Generation = YES;
				INFOPLIST_KEY_UIApplicationSupportsIndirectInputEvents = YES;
				INFOPLIST_KEY_UILaunchScreen_Generation = YES;
				INFOPLIST_KEY_UISupportedInterfaceOrientations_iPad = "UIInterfaceOrientationPortrait UIInterfaceOrientationPortraitUpsideDown UIInterfaceOrientationLandscapeLeft UIInterfaceOrientationLandscapeRight";
				INFOPLIST_KEY_UISupportedInterfaceOrientations_iPhone = "UIInterfaceOrientationPortrait UIInterfaceOrientationLandscapeLeft UIInterfaceOrientationLandscapeRight";
				IPHONEOS_DEPLOYMENT_TARGET = 16.4;
				LD_RUNPATH_SEARCH_PATHS = (
					"$(inherited)",
					"@executable_path/Frameworks",
				);
				MARKETING_VERSION = 1.0;
				PRODUCT_BUNDLE_IDENTIFIER = waleed.CodeMide;
				PRODUCT_NAME = "$(TARGET_NAME)";
				SWIFT_EMIT_LOC_STRINGS = YES;
				SWIFT_VERSION = 5.0;
				TARGETED_DEVICE_FAMILY = "1,2";
			};
			name = Release;
		};
/* End XCBuildConfiguration section */

/* Begin XCConfigurationList section */
		378FB74B2F5754CD0076F85B /* Build configuration list for PBXProject "CodeMide" */ = {
			isa = XCConfigurationList;
			buildConfigurations = (
				378FB75C2F5754D10076F85B /* Debug */,
				378FB75D2F5754D10076F85B /* Release */,
			);
			defaultConfigurationIsVisible = 0;
			defaultConfigurationName = Release;
		};
		378FB75E2F5754D10076F85B /* Build configuration list for PBXNativeTarget "CodeMide" */ = {
			isa = XCConfigurationList;
			buildConfigurations = (
				378FB75F2F5754D10076F85B /* Debug */,
				378FB7602F5754D10076F85B /* Release */,
			);
			defaultConfigurationIsVisible = 0;
			defaultConfigurationName = Release;
		};
/* End XCConfigurationList section */
	};
	rootObject = 378FB7482F5754CD0076F85B /* Project object */;
}
